
Microsoft Visual Studio Solution File, Format Version 12.00
# Visual Studio Version 16
VisualStudioVersion = 16.0.29728.190
MinimumVisualStudioVersion = 10.0.40219.1
Project("{FAE04EC0-301F-11D3-BF4B-00C04F79EFBC}") = "WindowsFormsApp61", "WindowsFormsApp61\WindowsFormsApp61.csproj", "{6CF60D67-EE10-4CAC-9811-E2DA78731752}"
EndProject
Global
	GlobalSection(SolutionConfigurationPlatforms) = preSolution
		Debug|Any CPU = Debug|Any CPU
		Release|Any CPU = Release|Any CPU
	EndGlobalSection
	GlobalSection(ProjectConfigurationPlatforms) = postSolution
		{6CF60D67-EE10-4CAC-9811-E2DA78731752}.Debug|Any CPU.ActiveCfg = Debug|Any CPU
		{6CF60D67-EE10-4CAC-9811-E2DA78731752}.Debug|Any CPU.Build.0 = Debug|Any CPU
		{6CF60D67-EE10-4CAC-9811-E2DA78731752}.Release|Any CPU.ActiveCfg = Release|Any CPU
		{6CF60D67-EE10-4CAC-9811-E2DA78731752}.Release|Any CPU.Build.0 = Release|Any CPU
	EndGlobalSection
	GlobalSection(SolutionProperties) = preSolution
		HideSolutionNode = FALSE
	EndGlobalSection
	GlobalSection(ExtensibilityGlobals) = postSolution
		SolutionGuid = {32668ED4-FF58-4CAD-83A0-E937E783E824}
	EndGlobalSection
EndGlobal
